
Microsoft Visual Studio Solution File, Format Version 12.00
# Visual Studio Version 16
VisualStudioVersion = 16.0.32228.343
MinimumVisualStudioVersion = 10.0.40219.1
Project("{FAE04EC0-301F-11D3-BF4B-00C04F79EFBC}") = "TsetCMS.Web", "TsetCMS.Web\TsetCMS.Web.csproj", "{C5E38373-2EF1-47D7-84AD-D06B91B25752}"
EndProject
Project("{FAE04EC0-301F-11D3-BF4B-00C04F79EFBC}") = "TestCMS.Business", "TestCMS.Business\TestCMS.Business.csproj", "{6B377AC5-71F2-4A06-9050-880FF00FA434}"
EndProject
Project("{FAE04EC0-301F-11D3-BF4B-00C04F79EFBC}") = "TestCMS.Entity", "TestCMS.Entity\TestCMS.Entity.csproj", "{65E05FBF-BEB3-4BF3-8032-1DD7A4A9D2C8}"
EndProject
Project("{FAE04EC0-301F-11D3-BF4B-00C04F79EFBC}") = "TestCMS.DataAccess", "TestCMS.DataAccess\TestCMS.DataAccess.csproj", "{D338B915-772F-4EEF-8677-9043E2556292}"
EndProject
Project("{FAE04EC0-301F-11D3-BF4B-00C04F79EFBC}") = "TestCMS.Helper", "TestCMS.Helper\TestCMS.Helper.csproj", "{14A0D851-CE1B-466E-B321-7B5BA1E2A8E4}"
EndProject
Project("{FAE04EC0-301F-11D3-BF4B-00C04F79EFBC}") = "TestCMS.Test", "TestCMS.Test\TestCMS.Test.csproj", "{A551A88C-F93D-45FA-A4B4-58D46888AA2F}"
EndProject
Global
	GlobalSection(SolutionConfigurationPlatforms) = preSolution
		Debug|Any CPU = Debug|Any CPU
		Release|Any CPU = Release|Any CPU
	EndGlobalSection
	GlobalSection(ProjectConfigurationPlatforms) = postSolution
		{C5E38373-2EF1-47D7-84AD-D06B91B25752}.Debug|Any CPU.ActiveCfg = Debug|Any CPU
		{C5E38373-2EF1-47D7-84AD-D06B91B25752}.Debug|Any CPU.Build.0 = Debug|Any CPU
		{C5E38373-2EF1-47D7-84AD-D06B91B25752}.Release|Any CPU.ActiveCfg = Release|Any CPU
		{C5E38373-2EF1-47D7-84AD-D06B91B25752}.Release|Any CPU.Build.0 = Release|Any CPU
		{6B377AC5-71F2-4A06-9050-880FF00FA434}.Debug|Any CPU.ActiveCfg = Debug|Any CPU
		{6B377AC5-71F2-4A06-9050-880FF00FA434}.Debug|Any CPU.Build.0 = Debug|Any CPU
		{6B377AC5-71F2-4A06-9050-880FF00FA434}.Release|Any CPU.ActiveCfg = Release|Any CPU
		{6B377AC5-71F2-4A06-9050-880FF00FA434}.Release|Any CPU.Build.0 = Release|Any CPU
		{65E05FBF-BEB3-4BF3-8032-1DD7A4A9D2C8}.Debug|Any CPU.ActiveCfg = Debug|Any CPU
		{65E05FBF-BEB3-4BF3-8032-1DD7A4A9D2C8}.Debug|Any CPU.Build.0 = Debug|Any CPU
		{65E05FBF-BEB3-4BF3-8032-1DD7A4A9D2C8}.Release|Any CPU.ActiveCfg = Release|Any CPU
		{65E05FBF-BEB3-4BF3-8032-1DD7A4A9D2C8}.Release|Any CPU.Build.0 = Release|Any CPU
		{D338B915-772F-4EEF-8677-9043E2556292}.Debug|Any CPU.ActiveCfg = Debug|Any CPU
		{D338B915-772F-4EEF-8677-9043E2556292}.Debug|Any CPU.Build.0 = Debug|Any CPU
		{D338B915-772F-4EEF-8677-9043E2556292}.Release|Any CPU.ActiveCfg = Release|Any CPU
		{D338B915-772F-4EEF-8677-9043E2556292}.Release|Any CPU.Build.0 = Release|Any CPU
		{14A0D851-CE1B-466E-B321-7B5BA1E2A8E4}.Debug|Any CPU.ActiveCfg = Debug|Any CPU
		{14A0D851-CE1B-466E-B321-7B5BA1E2A8E4}.Debug|Any CPU.Build.0 = Debug|Any CPU
		{14A0D851-CE1B-466E-B321-7B5BA1E2A8E4}.Release|Any CPU.ActiveCfg = Release|Any CPU
		{14A0D851-CE1B-466E-B321-7B5BA1E2A8E4}.Release|Any CPU.Build.0 = Release|Any CPU
		{A551A88C-F93D-45FA-A4B4-58D46888AA2F}.Debug|Any CPU.ActiveCfg = Debug|Any CPU
		{A551A88C-F93D-45FA-A4B4-58D46888AA2F}.Debug|Any CPU.Build.0 = Debug|Any CPU
		{A551A88C-F93D-45FA-A4B4-58D46888AA2F}.Release|Any CPU.ActiveCfg = Release|Any CPU
		{A551A88C-F93D-45FA-A4B4-58D46888AA2F}.Release|Any CPU.Build.0 = Release|Any CPU
	EndGlobalSection
	GlobalSection(SolutionProperties) = preSolution
		HideSolutionNode = FALSE
	EndGlobalSection
	GlobalSection(ExtensibilityGlobals) = postSolution
		SolutionGuid = {7D8E1021-8548-48DB-AA6C-BD6C6E9CB1CC}
	EndGlobalSection
EndGlobal
